
Microsoft Visual Studio Solution File, Format Version 12.00
# Visual Studio Version 17
VisualStudioVersion = 17.0.31912.275
MinimumVisualStudioVersion = 10.0.40219.1
Project("{9A19103F-16F7-4668-BE54-9A1E7A4F7556}") = "LandmarkEmulator.Shared", "LandmarkEmulator.Shared\LandmarkEmulator.Shared.csproj", "{84488BCB-B68E-4DCE-8153-990DF4B6C560}"
EndProject
Project("{9A19103F-16F7-4668-BE54-9A1E7A4F7556}") = "LandmarkEmulator.AuthServer", "LandmarkEmulator.AuthServer\LandmarkEmulator.AuthServer.csproj", "{EDA8D947-7D64-438D-BF38-6AEB83477DDD}"
EndProject
Project("{9A19103F-16F7-4668-BE54-9A1E7A4F7556}") = "LandmarkEmulator.Database", "LandmarkEmulator.Database\LandmarkEmulator.Database.csproj", "{EBD99E8F-82F6-4B26-86A0-01F6590DE44F}"
EndProject
Project("{9A19103F-16F7-4668-BE54-9A1E7A4F7556}") = "LandmarkEmulator.Database.Auth", "LandmarkEmulator.Database.Auth\LandmarkEmulator.Database.Auth.csproj", "{ECE22B31-E29A-45BD-96B7-BDCCDE39BE2E}"
EndProject
Project("{9A19103F-16F7-4668-BE54-9A1E7A4F7556}") = "LandmarkEmulator.WebAPI", "LandmarkEmulator.WebAPI\LandmarkEmulator.WebAPI.csproj", "{B21C8339-9C59-42F7-A018-9FDD3BD95BEA}"
EndProject
Project("{2150E333-8FDC-42A3-9474-1A3956D46DE8}") = "Client", "Client", "{32609BE4-7A0E-479C-808C-3F7083AE5434}"
EndProject
Project("{2150E333-8FDC-42A3-9474-1A3956D46DE8}") = "Server", "Server", "{03058D80-B162-49CB-923B-C301B1107C72}"
EndProject
Project("{9A19103F-16F7-4668-BE54-9A1E7A4F7556}") = "LandmarkEmulator.Launcher", "LandmarkEmulator.Launcher\LandmarkEmulator.Launcher.csproj", "{DA75A0BF-E33D-4B20-B91D-5AD8E5E2D059}"
EndProject
Project("{9A19103F-16F7-4668-BE54-9A1E7A4F7556}") = "LandmarkEmulator.Database.Character", "LandmarkEmulator.Database.Character\LandmarkEmulator.Database.Character.csproj", "{707008D4-E447-423C-90F9-72FC46801BD1}"
EndProject
Project("{9A19103F-16F7-4668-BE54-9A1E7A4F7556}") = "LandmarkEmulator.ZoneServer", "LandmarkEmulator.ZoneServer\LandmarkEmulator.ZoneServer.csproj", "{D6A7C697-9007-4037-8C08-F3F7BC7E1B7B}"
	ProjectSection(ProjectDependencies) = postProject
		{84488BCB-B68E-4DCE-8153-990DF4B6C560} = {84488BCB-B68E-4DCE-8153-990DF4B6C560}
	EndProjectSection
EndProject
Project("{FAE04EC0-301F-11D3-BF4B-00C04F79EFBC}") = "LandmarkEmulator.Gateway", "LandmarkEmulator.Gateway\LandmarkEmulator.Gateway.csproj", "{27213FF7-4B26-49E4-AB28-386D3069B799}"
EndProject
Global
	GlobalSection(SolutionConfigurationPlatforms) = preSolution
		Debug|Any CPU = Debug|Any CPU
		Release|Any CPU = Release|Any CPU
	EndGlobalSection
	GlobalSection(ProjectConfigurationPlatforms) = postSolution
		{84488BCB-B68E-4DCE-8153-990DF4B6C560}.Debug|Any CPU.ActiveCfg = Debug|Any CPU
		{84488BCB-B68E-4DCE-8153-990DF4B6C560}.Debug|Any CPU.Build.0 = Debug|Any CPU
		{84488BCB-B68E-4DCE-8153-990DF4B6C560}.Release|Any CPU.ActiveCfg = Release|Any CPU
		{84488BCB-B68E-4DCE-8153-990DF4B6C560}.Release|Any CPU.Build.0 = Release|Any CPU
		{EDA8D947-7D64-438D-BF38-6AEB83477DDD}.Debug|Any CPU.ActiveCfg = Debug|Any CPU
		{EDA8D947-7D64-438D-BF38-6AEB83477DDD}.Debug|Any CPU.Build.0 = Debug|Any CPU
		{EDA8D947-7D64-438D-BF38-6AEB83477DDD}.Release|Any CPU.ActiveCfg = Release|Any CPU
		{EDA8D947-7D64-438D-BF38-6AEB83477DDD}.Release|Any CPU.Build.0 = Release|Any CPU
		{EBD99E8F-82F6-4B26-86A0-01F6590DE44F}.Debug|Any CPU.ActiveCfg = Debug|Any CPU
		{EBD99E8F-82F6-4B26-86A0-01F6590DE44F}.Debug|Any CPU.Build.0 = Debug|Any CPU
		{EBD99E8F-82F6-4B26-86A0-01F6590DE44F}.Release|Any CPU.ActiveCfg = Release|Any CPU
		{EBD99E8F-82F6-4B26-86A0-01F6590DE44F}.Release|Any CPU.Build.0 = Release|Any CPU
		{ECE22B31-E29A-45BD-96B7-BDCCDE39BE2E}.Debug|Any CPU.ActiveCfg = Debug|Any CPU
		{ECE22B31-E29A-45BD-96B7-BDCCDE39BE2E}.Debug|Any CPU.Build.0 = Debug|Any CPU
		{ECE22B31-E29A-45BD-96B7-BDCCDE39BE2E}.Release|Any CPU.ActiveCfg = Release|Any CPU
		{ECE22B31-E29A-45BD-96B7-BDCCDE39BE2E}.Release|Any CPU.Build.0 = Release|Any CPU
		{B21C8339-9C59-42F7-A018-9FDD3BD95BEA}.Debug|Any CPU.ActiveCfg = Debug|Any CPU
		{B21C8339-9C59-42F7-A018-9FDD3BD95BEA}.Debug|Any CPU.Build.0 = Debug|Any CPU
		{B21C8339-9C59-42F7-A018-9FDD3BD95BEA}.Release|Any CPU.ActiveCfg = Release|Any CPU
		{B21C8339-9C59-42F7-A018-9FDD3BD95BEA}.Release|Any CPU.Build.0 = Release|Any CPU
		{DA75A0BF-E33D-4B20-B91D-5AD8E5E2D059}.Debug|Any CPU.ActiveCfg = Debug|Any CPU
		{DA75A0BF-E33D-4B20-B91D-5AD8E5E2D059}.Debug|Any CPU.Build.0 = Debug|Any CPU
		{DA75A0BF-E33D-4B20-B91D-5AD8E5E2D059}.Release|Any CPU.ActiveCfg = Release|Any CPU
		{DA75A0BF-E33D-4B20-B91D-5AD8E5E2D059}.Release|Any CPU.Build.0 = Release|Any CPU
		{707008D4-E447-423C-90F9-72FC46801BD1}.Debug|Any CPU.ActiveCfg = Debug|Any CPU
		{707008D4-E447-423C-90F9-72FC46801BD1}.Debug|Any CPU.Build.0 = Debug|Any CPU
		{707008D4-E447-423C-90F9-72FC46801BD1}.Release|Any CPU.ActiveCfg = Release|Any CPU
		{707008D4-E447-423C-90F9-72FC46801BD1}.Release|Any CPU.Build.0 = Release|Any CPU
		{D6A7C697-9007-4037-8C08-F3F7BC7E1B7B}.Debug|Any CPU.ActiveCfg = Debug|Any CPU
		{D6A7C697-9007-4037-8C08-F3F7BC7E1B7B}.Debug|Any CPU.Build.0 = Debug|Any CPU
		{D6A7C697-9007-4037-8C08-F3F7BC7E1B7B}.Release|Any CPU.ActiveCfg = Release|Any CPU
		{D6A7C697-9007-4037-8C08-F3F7BC7E1B7B}.Release|Any CPU.Build.0 = Release|Any CPU
		{27213FF7-4B26-49E4-AB28-386D3069B799}.Debug|Any CPU.ActiveCfg = Debug|Any CPU
		{27213FF7-4B26-49E4-AB28-386D3069B799}.Debug|Any CPU.Build.0 = Debug|Any CPU
		{27213FF7-4B26-49E4-AB28-386D3069B799}.Release|Any CPU.ActiveCfg = Release|Any CPU
		{27213FF7-4B26-49E4-AB28-386D3069B799}.Release|Any CPU.Build.0 = Release|Any CPU
	EndGlobalSection
	GlobalSection(SolutionProperties) = preSolution
		HideSolutionNode = FALSE
	EndGlobalSection
	GlobalSection(NestedProjects) = preSolution
		{84488BCB-B68E-4DCE-8153-990DF4B6C560} = {03058D80-B162-49CB-923B-C301B1107C72}
		{EDA8D947-7D64-438D-BF38-6AEB83477DDD} = {03058D80-B162-49CB-923B-C301B1107C72}
		{EBD99E8F-82F6-4B26-86A0-01F6590DE44F} = {03058D80-B162-49CB-923B-C301B1107C72}
		{ECE22B31-E29A-45BD-96B7-BDCCDE39BE2E} = {03058D80-B162-49CB-923B-C301B1107C72}
		{B21C8339-9C59-42F7-A018-9FDD3BD95BEA} = {03058D80-B162-49CB-923B-C301B1107C72}
		{DA75A0BF-E33D-4B20-B91D-5AD8E5E2D059} = {32609BE4-7A0E-479C-808C-3F7083AE5434}
		{707008D4-E447-423C-90F9-72FC46801BD1} = {03058D80-B162-49CB-923B-C301B1107C72}
		{D6A7C697-9007-4037-8C08-F3F7BC7E1B7B} = {03058D80-B162-49CB-923B-C301B1107C72}
		{27213FF7-4B26-49E4-AB28-386D3069B799} = {03058D80-B162-49CB-923B-C301B1107C72}
	EndGlobalSection
	GlobalSection(ExtensibilityGlobals) = postSolution
		SolutionGuid = {C92941DA-CF33-4007-815A-1EB549D58ED3}
	EndGlobalSection
EndGlobal
